
Microsoft Visual Studio Solution File, Format Version 12.00
# Visual Studio Version 16
VisualStudioVersion = 16.0.31005.135
MinimumVisualStudioVersion = 10.0.40219.1
Project("{FAE04EC0-301F-11D3-BF4B-00C04F79EFBC}") = "HajosTeszt", "HajosTeszt\HajosTeszt.csproj", "{A1F31BAA-F778-40A1-B157-7CD2F90CC380}"
EndProject
Global
	GlobalSection(SolutionConfigurationPlatforms) = preSolution
		Debug|Any CPU = Debug|Any CPU
		Release|Any CPU = Release|Any CPU
	EndGlobalSection
	GlobalSection(ProjectConfigurationPlatforms) = postSolution
		{A1F31BAA-F778-40A1-B157-7CD2F90CC380}.Debug|Any CPU.ActiveCfg = Debug|Any CPU
		{A1F31BAA-F778-40A1-B157-7CD2F90CC380}.Debug|Any CPU.Build.0 = Debug|Any CPU
		{A1F31BAA-F778-40A1-B157-7CD2F90CC380}.Release|Any CPU.ActiveCfg = Release|Any CPU
		{A1F31BAA-F778-40A1-B157-7CD2F90CC380}.Release|Any CPU.Build.0 = Release|Any CPU
	EndGlobalSection
	GlobalSection(SolutionProperties) = preSolution
		HideSolutionNode = FALSE
	EndGlobalSection
	GlobalSection(ExtensibilityGlobals) = postSolution
		SolutionGuid = {276BAB51-98F3-4A55-8D1B-AA6598E5F41B}
	EndGlobalSection
EndGlobal
